
Microsoft Visual Studio Solution File, Format Version 12.00
# Visual Studio Version 16
VisualStudioVersion = 16.0.32126.315
MinimumVisualStudioVersion = 10.0.40219.1
Project("{FAE04EC0-301F-11D3-BF4B-00C04F79EFBC}") = "WebApi210940320091", "WebApi210940320091.csproj", "{002D0E24-BE5F-426C-A077-65EB83972D47}"
EndProject
Global
	GlobalSection(SolutionConfigurationPlatforms) = preSolution
		Debug|Any CPU = Debug|Any CPU
		Release|Any CPU = Release|Any CPU
	EndGlobalSection
	GlobalSection(ProjectConfigurationPlatforms) = postSolution
		{002D0E24-BE5F-426C-A077-65EB83972D47}.Debug|Any CPU.ActiveCfg = Debug|Any CPU
		{002D0E24-BE5F-426C-A077-65EB83972D47}.Debug|Any CPU.Build.0 = Debug|Any CPU
		{002D0E24-BE5F-426C-A077-65EB83972D47}.Release|Any CPU.ActiveCfg = Release|Any CPU
		{002D0E24-BE5F-426C-A077-65EB83972D47}.Release|Any CPU.Build.0 = Release|Any CPU
	EndGlobalSection
	GlobalSection(SolutionProperties) = preSolution
		HideSolutionNode = FALSE
	EndGlobalSection
	GlobalSection(ExtensibilityGlobals) = postSolution
		SolutionGuid = {2BF7A97B-ABB6-4C1F-B98C-1D1A17F79817}
	EndGlobalSection
EndGlobal
